// !$*UTF8*$!
{
	archiveVersion = 1;
	classes = {
	};
	objectVersion = 50;
	objects = {

/* Begin PBXBuildFile section */
		6F19A6F3252EFD9400AC75D2 /* SwiftUIShareSheetApp.swift in Sources */ = {isa = PBXBuildFile; fileRef = 6F19A6F2252EFD9400AC75D2 /* SwiftUIShareSheetApp.swift */; };
		6F19A6F5252EFD9400AC75D2 /* ContentView.swift in Sources */ = {isa = PBXBuildFile; fileRef = 6F19A6F4252EFD9400AC75D2 /* ContentView.swift */; };
		6F19A6F7252EFD9600AC75D2 /* Assets.xcassets in Resources */ = {isa = PBXBuildFile; fileRef = 6F19A6F6252EFD9600AC75D2 /* Assets.xcassets */; };
		6F19A6FA252EFD9600AC75D2 /* Preview Assets.xcassets in Resources */ = {isa = PBXBuildFile; fileRef = 6F19A6F9252EFD9600AC75D2 /* Preview Assets.xcassets */; };
		6F19A705252EFD9700AC75D2 /* SwiftUIShareSheetTests.swift in Sources */ = {isa = PBXBuildFile; fileRef = 6F19A704252EFD9700AC75D2 /* SwiftUIShareSheetTests.swift */; };
		6F19A710252EFD9700AC75D2 /* SwiftUIShareSheetUITests.swift in Sources */ = {isa = PBXBuildFile; fileRef = 6F19A70F252EFD9700AC75D2 /* SwiftUIShareSheetUITests.swift */; };
/* End PBXBuildFile section */

/* Begin PBXContainerItemProxy section */
		6F19A701252EFD9700AC75D2 /* PBXContainerItemProxy */ = {
			isa = PBXContainerItemProxy;
			containerPortal = 6F19A6E7252EFD9400AC75D2 /* Project object */;
			proxyType = 1;
			remoteGlobalIDString = 6F19A6EE252EFD9400AC75D2;
			remoteInfo = SwiftUIShareSheet;
		};
		6F19A70C252EFD9700AC75D2 /* PBXContainerItemProxy */ = {
			isa = PBXContainerItemProxy;
			containerPortal = 6F19A6E7252EFD9400AC75D2 /* Project object */;
			proxyType = 1;
			remoteGlobalIDString = 6F19A6EE252EFD9400AC75D2;
			remoteInfo = SwiftUIShareSheet;
		};
/* End PBXContainerItemProxy section */

/* Begin PBXFileReference section */
		6F19A6EF252EFD9400AC75D2 /* SwiftUIShareSheet.app */ = {isa = PBXFileReference; explicitFileType = wrapper.application; includeInIndex = 0; path = SwiftUIShareSheet.app; sourceTree = BUILT_PRODUCTS_DIR; };
		6F19A6F2252EFD9400AC75D2 /* SwiftUIShareSheetApp.swift */ = {isa = PBXFileReference; lastKnownFileType = sourcecode.swift; path = SwiftUIShareSheetApp.swift; sourceTree = "<group>"; };
		6F19A6F4252EFD9400AC75D2 /* ContentView.swift */ = {isa = PBXFileReference; lastKnownFileType = sourcecode.swift; path = ContentView.swift; sourceTree = "<group>"; };
		6F19A6F6252EFD9600AC75D2 /* Assets.xcassets */ = {isa = PBXFileReference; lastKnownFileType = folder.assetcatalog; path = Assets.xcassets; sourceTree = "<group>"; };
		6F19A6F9252EFD9600AC75D2 /* Preview Assets.xcassets */ = {isa = PBXFileReference; lastKnownFileType = folder.assetcatalog; path = "Preview Assets.xcassets"; sourceTree = "<group>"; };
		6F19A6FB252EFD9600AC75D2 /* Info.plist */ = {isa = PBXFileReference; lastKnownFileType = text.plist.xml; path = Info.plist; sourceTree = "<group>"; };
		6F19A700252EFD9700AC75D2 /* SwiftUIShareSheetTests.xctest */ = {isa = PBXFileReference; explicitFileType = wrapper.cfbundle; includeInIndex = 0; path = SwiftUIShareSheetTests.xctest; sourceTree = BUILT_PRODUCTS_DIR; };
		6F19A704252EFD9700AC75D2 /* SwiftUIShareSheetTests.swift */ = {isa = PBXFileReference; lastKnownFileType = sourcecode.swift; path = SwiftUIShareSheetTests.swift; sourceTree = "<group>"; };
		6F19A706252EFD9700AC75D2 /* Info.plist */ = {isa = PBXFileReference; lastKnownFileType = text.plist.xml; path = Info.plist; sourceTree = "<group>"; };
		6F19A70B252EFD9700AC75D2 /* SwiftUIShareSheetUITests.xctest */ = {isa = PBXFileReference; explicitFileType = wrapper.cfbundle; includeInIndex = 0; path = SwiftUIShareSheetUITests.xctest; sourceTree = BUILT_PRODUCTS_DIR; };
		6F19A70F252EFD9700AC75D2 /* SwiftUIShareSheetUITests.swift */ = {isa = PBXFileReference; lastKnownFileType = sourcecode.swift; path = SwiftUIShareSheetUITests.swift; sourceTree = "<group>"; };
		6F19A711252EFD9700AC75D2 /* Info.plist */ = {isa = PBXFileReference; lastKnownFileType = text.plist.xml; path = Info.plist; sourceTree = "<group>"; };
/* End PBXFileReference section */

/* Begin PBXFrameworksBuildPhase section */
		6F19A6EC252EFD9400AC75D2 /* Frameworks */ = {
			isa = PBXFrameworksBuildPhase;
			buildActionMask = 2147483647;
			files = (
			);
			runOnlyForDeploymentPostprocessing = 0;
		};
		6F19A6FD252EFD9700AC75D2 /* Frameworks */ = {
			isa = PBXFrameworksBuildPhase;
			buildActionMask = 2147483647;
			files = (
			);
			runOnlyForDeploymentPostprocessing = 0;
		};
		6F19A708252EFD9700AC75D2 /* Frameworks */ = {
			isa = PBXFrameworksBuildPhase;
			buildActionMask = 2147483647;
			files = (
			);
			runOnlyForDeploymentPostprocessing = 0;
		};
/* End PBXFrameworksBuildPhase section */

/* Begin PBXGroup section */
		6F19A6E6252EFD9400AC75D2 = {
			isa = PBXGroup;
			children = (
				6F19A6F1252EFD9400AC75D2 /* SwiftUIShareSheet */,
				6F19A703252EFD9700AC75D2 /* SwiftUIShareSheetTests */,
				6F19A70E252EFD9700AC75D2 /* SwiftUIShareSheetUITests */,
				6F19A6F0252EFD9400AC75D2 /* Products */,
			);
			sourceTree = "<group>";
		};
		6F19A6F0252EFD9400AC75D2 /* Products */ = {
			isa = PBXGroup;
			children = (
				6F19A6EF252EFD9400AC75D2 /* SwiftUIShareSheet.app */,
				6F19A700252EFD9700AC75D2 /* SwiftUIShareSheetTests.xctest */,
				6F19A70B252EFD9700AC75D2 /* SwiftUIShareSheetUITests.xctest */,
			);
			name = Products;
			sourceTree = "<group>";
		};
		6F19A6F1252EFD9400AC75D2 /* SwiftUIShareSheet */ = {
			isa = PBXGroup;
			children = (
				6F19A6F2252EFD9400AC75D2 /* SwiftUIShareSheetApp.swift */,
				6F19A6F4252EFD9400AC75D2 /* ContentView.swift */,
				6F19A6F6252EFD9600AC75D2 /* Assets.xcassets */,
				6F19A6FB252EFD9600AC75D2 /* Info.plist */,
				6F19A6F8252EFD9600AC75D2 /* Preview Content */,
			);
			path = SwiftUIShareSheet;
			sourceTree = "<group>";
		};
		6F19A6F8252EFD9600AC75D2 /* Preview Content */ = {
			isa = PBXGroup;
			children = (
				6F19A6F9252EFD9600AC75D2 /* Preview Assets.xcassets */,
			);
			path = "Preview Content";
			sourceTree = "<group>";
		};
		6F19A703252EFD9700AC75D2 /* SwiftUIShareSheetTests */ = {
			isa = PBXGroup;
			children = (
				6F19A704252EFD9700AC75D2 /* SwiftUIShareSheetTests.swift */,
				6F19A706252EFD9700AC75D2 /* Info.plist */,
			);
			path = SwiftUIShareSheetTests;
			sourceTree = "<group>";
		};
		6F19A70E252EFD9700AC75D2 /* SwiftUIShareSheetUITests */ = {
			isa = PBXGroup;
			children = (
				6F19A70F252EFD9700AC75D2 /* SwiftUIShareSheetUITests.swift */,
				6F19A711252EFD9700AC75D2 /* Info.plist */,
			);
			path = SwiftUIShareSheetUITests;
			sourceTree = "<group>";
		};
/* End PBXGroup section */

/* Begin PBXNativeTarget section */
		6F19A6EE252EFD9400AC75D2 /* SwiftUIShareSheet */ = {
			isa = PBXNativeTarget;
			buildConfigurationList = 6F19A714252EFD9700AC75D2 /* Build configuration list for PBXNativeTarget "SwiftUIShareSheet" */;
			buildPhases = (
				6F19A6EB252EFD9400AC75D2 /* Sources */,
				6F19A6EC252EFD9400AC75D2 /* Frameworks */,
				6F19A6ED252EFD9400AC75D2 /* Resources */,
			);
			buildRules = (
			);
			dependencies = (
			);
			name = SwiftUIShareSheet;
			productName = SwiftUIShareSheet;
			productReference = 6F19A6EF252EFD9400AC75D2 /* SwiftUIShareSheet.app */;
			productType = "com.apple.product-type.application";
		};
		6F19A6FF252EFD9700AC75D2 /* SwiftUIShareSheetTests */ = {
			isa = PBXNativeTarget;
			buildConfigurationList = 6F19A717252EFD9700AC75D2 /* Build configuration list for PBXNativeTarget "SwiftUIShareSheetTests" */;
			buildPhases = (
				6F19A6FC252EFD9700AC75D2 /* Sources */,
				6F19A6FD252EFD9700AC75D2 /* Frameworks */,
				6F19A6FE252EFD9700AC75D2 /* Resources */,
			);
			buildRules = (
			);
			dependencies = (
				6F19A702252EFD9700AC75D2 /* PBXTargetDependency */,
			);
			name = SwiftUIShareSheetTests;
			productName = SwiftUIShareSheetTests;
			productReference = 6F19A700252EFD9700AC75D2 /* SwiftUIShareSheetTests.xctest */;
			productType = "com.apple.product-type.bundle.unit-test";
		};
		6F19A70A252EFD9700AC75D2 /* SwiftUIShareSheetUITests */ = {
			isa = PBXNativeTarget;
			buildConfigurationList = 6F19A71A252EFD9700AC75D2 /* Build configuration list for PBXNativeTarget "SwiftUIShareSheetUITests" */;
			buildPhases = (
				6F19A707252EFD9700AC75D2 /* Sources */,
				6F19A708252EFD9700AC75D2 /* Frameworks */,
				6F19A709252EFD9700AC75D2 /* Resources */,
			);
			buildRules = (
			);
			dependencies = (
				6F19A70D252EFD9700AC75D2 /* PBXTargetDependency */,
			);
			name = SwiftUIShareSheetUITests;
			productName = SwiftUIShareSheetUITests;
			productReference = 6F19A70B252EFD9700AC75D2 /* SwiftUIShareSheetUITests.xctest */;
			productType = "com.apple.product-type.bundle.ui-testing";
		};
/* End PBXNativeTarget section */

/* Begin PBXProject section */
		6F19A6E7252EFD9400AC75D2 /* Project object */ = {
			isa = PBXProject;
			attributes = {
				LastSwiftUpdateCheck = 1200;
				LastUpgradeCheck = 1200;
				TargetAttributes = {
					6F19A6EE252EFD9400AC75D2 = {
						CreatedOnToolsVersion = 12.0;
					};
					6F19A6FF252EFD9700AC75D2 = {
						CreatedOnToolsVersion = 12.0;
						TestTargetID = 6F19A6EE252EFD9400AC75D2;
					};
					6F19A70A252EFD9700AC75D2 = {
						CreatedOnToolsVersion = 12.0;
						TestTargetID = 6F19A6EE252EFD9400AC75D2;
					};
				};
			};
			buildConfigurationList = 6F19A6EA252EFD9400AC75D2 /* Build configuration list for PBXProject "SwiftUIShareSheet" */;
			compatibilityVersion = "Xcode 9.3";
			developmentRegion = en;
			hasScannedForEncodings = 0;
			knownRegions = (
				en,
				Base,
			);
			mainGroup = 6F19A6E6252EFD9400AC75D2;
			productRefGroup = 6F19A6F0252EFD9400AC75D2 /* Products */;
			projectDirPath = "";
			projectRoot = "";
			targets = (
				6F19A6EE252EFD9400AC75D2 /* SwiftUIShareSheet */,
				6F19A6FF252EFD9700AC75D2 /* SwiftUIShareSheetTests */,
				6F19A70A252EFD9700AC75D2 /* SwiftUIShareSheetUITests */,
			);
		};
/* End PBXProject section */

/* Begin PBXResourcesBuildPhase section */
		6F19A6ED252EFD9400AC75D2 /* Resources */ = {
			isa = PBXResourcesBuildPhase;
			buildActionMask = 2147483647;
			files = (
				6F19A6FA252EFD9600AC75D2 /* Preview Assets.xcassets in Resources */,
				6F19A6F7252EFD9600AC75D2 /* Assets.xcassets in Resources */,
			);
			runOnlyForDeploymentPostprocessing = 0;
		};
		6F19A6FE252EFD9700AC75D2 /* Resources */ = {
			isa = PBXResourcesBuildPhase;
			buildActionMask = 2147483647;
			files = (
			);
			runOnlyForDeploymentPostprocessing = 0;
		};
		6F19A709252EFD9700AC75D2 /* Resources */ = {
			isa = PBXResourcesBuildPhase;
			buildActionMask = 2147483647;
			files = (
			);
			runOnlyForDeploymentPostprocessing = 0;
		};
/* End PBXResourcesBuildPhase section */

/* Begin PBXSourcesBuildPhase section */
		6F19A6EB252EFD9400AC75D2 /* Sources */ = {
			isa = PBXSourcesBuildPhase;
			buildActionMask = 2147483647;
			files = (
				6F19A6F5252EFD9400AC75D2 /* ContentView.swift in Sources */,
				6F19A6F3252EFD9400AC75D2 /* SwiftUIShareSheetApp.swift in Sources */,
			);
			runOnlyForDeploymentPostprocessing = 0;
		};
		6F19A6FC252EFD9700AC75D2 /* Sources */ = {
			isa = PBXSourcesBuildPhase;
			buildActionMask = 2147483647;
			files = (
				6F19A705252EFD9700AC75D2 /* SwiftUIShareSheetTests.swift in Sources */,
			);
			runOnlyForDeploymentPostprocessing = 0;
		};
		6F19A707252EFD9700AC75D2 /* Sources */ = {
			isa = PBXSourcesBuildPhase;
			buildActionMask = 2147483647;
			files = (
				6F19A710252EFD9700AC75D2 /* SwiftUIShareSheetUITests.swift in Sources */,
			);
			runOnlyForDeploymentPostprocessing = 0;
		};
/* End PBXSourcesBuildPhase section */

/* Begin PBXTargetDependency section */
		6F19A702252EFD9700AC75D2 /* PBXTargetDependency */ = {
			isa = PBXTargetDependency;
			target = 6F19A6EE252EFD9400AC75D2 /* SwiftUIShareSheet */;
			targetProxy = 6F19A701252EFD9700AC75D2 /* PBXContainerItemProxy */;
		};
		6F19A70D252EFD9700AC75D2 /* PBXTargetDependency */ = {
			isa = PBXTargetDependency;
			target = 6F19A6EE252EFD9400AC75D2 /* SwiftUIShareSheet */;
			targetProxy = 6F19A70C252EFD9700AC75D2 /* PBXContainerItemProxy */;
		};
/* End PBXTargetDependency section */

/* Begin XCBuildConfiguration section */
		6F19A712252EFD9700AC75D2 /* Debug */ = {
			isa = XCBuildConfiguration;
			buildSettings = {
				ALWAYS_SEARCH_USER_PATHS = NO;
				CLANG_ANALYZER_NONNULL = YES;
				CLANG_ANALYZER_NUMBER_OBJECT_CONVERSION = YES_AGGRESSIVE;
				CLANG_CXX_LANGUAGE_STANDARD = "gnu++14";
				CLANG_CXX_LIBRARY = "libc++";
				CLANG_ENABLE_MODULES = YES;
				CLANG_ENABLE_OBJC_ARC = YES;
				CLANG_ENABLE_OBJC_WEAK = YES;
				CLANG_WARN_BLOCK_CAPTURE_AUTORELEASING = YES;
				CLANG_WARN_BOOL_CONVERSION = YES;
				CLANG_WARN_COMMA = YES;
				CLANG_WARN_CONSTANT_CONVERSION = YES;
				CLANG_WARN_DEPRECATED_OBJC_IMPLEMENTATIONS = YES;
				CLANG_WARN_DIRECT_OBJC_ISA_USAGE = YES_ERROR;
				CLANG_WARN_DOCUMENTATION_COMMENTS = YES;
				CLANG_WARN_EMPTY_BODY = YES;
				CLANG_WARN_ENUM_CONVERSION = YES;
				CLANG_WARN_INFINITE_RECURSION = YES;
				CLANG_WARN_INT_CONVERSION = YES;
				CLANG_WARN_NON_LITERAL_NULL_CONVERSION = YES;
				CLANG_WARN_OBJC_IMPLICIT_RETAIN_SELF = YES;
				CLANG_WARN_OBJC_LITERAL_CONVERSION = YES;
				CLANG_WARN_OBJC_ROOT_CLASS = YES_ERROR;
				CLANG_WARN_QUOTED_INCLUDE_IN_FRAMEWORK_HEADER = YES;
				CLANG_WARN_RANGE_LOOP_ANALYSIS = YES;
				CLANG_WARN_STRICT_PROTOTYPES = YES;
				CLANG_WARN_SUSPICIOUS_MOVE = YES;
				CLANG_WARN_UNGUARDED_AVAILABILITY = YES_AGGRESSIVE;
				CLANG_WARN_UNREACHABLE_CODE = YES;
				CLANG_WARN__DUPLICATE_METHOD_MATCH = YES;
				COPY_PHASE_STRIP = NO;
				DEBUG_INFORMATION_FORMAT = dwarf;
				ENABLE_STRICT_OBJC_MSGSEND = YES;
				ENABLE_TESTABILITY = YES;
				GCC_C_LANGUAGE_STANDARD = gnu11;
				GCC_DYNAMIC_NO_PIC = NO;
				GCC_NO_COMMON_BLOCKS = YES;
				GCC_OPTIMIZATION_LEVEL = 0;
				GCC_PREPROCESSOR_DEFINITIONS = (
					"DEBUG=1",
					"$(inherited)",
				);
				GCC_WARN_64_TO_32_BIT_CONVERSION = YES;
				GCC_WARN_ABOUT_RETURN_TYPE = YES_ERROR;
				GCC_WARN_UNDECLARED_SELECTOR = YES;
				GCC_WARN_UNINITIALIZED_AUTOS = YES_AGGRESSIVE;
				GCC_WARN_UNUSED_FUNCTION = YES;
				GCC_WARN_UNUSED_VARIABLE = YES;
				IPHONEOS_DEPLOYMENT_TARGET = 14.0;
				MTL_ENABLE_DEBUG_INFO = INCLUDE_SOURCE;
				MTL_FAST_MATH = YES;
				ONLY_ACTIVE_ARCH = YES;
				SDKROOT = iphoneos;
				SWIFT_ACTIVE_COMPILATION_CONDITIONS = DEBUG;
				SWIFT_OPTIMIZATION_LEVEL = "-Onone";
			};
			name = Debug;
		};
		6F19A713252EFD9700AC75D2 /* Release */ = {
			isa = XCBuildConfiguration;
			buildSettings = {
				ALWAYS_SEARCH_USER_PATHS = NO;
				CLANG_ANALYZER_NONNULL = YES;
				CLANG_ANALYZER_NUMBER_OBJECT_CONVERSION = YES_AGGRESSIVE;
				CLANG_CXX_LANGUAGE_STANDARD = "gnu++14";
				CLANG_CXX_LIBRARY = "libc++";
				CLANG_ENABLE_MODULES = YES;
				CLANG_ENABLE_OBJC_ARC = YES;
				CLANG_ENABLE_OBJC_WEAK = YES;
				CLANG_WARN_BLOCK_CAPTURE_AUTORELEASING = YES;
				CLANG_WARN_BOOL_CONVERSION = YES;
				CLANG_WARN_COMMA = YES;
				CLANG_WARN_CONSTANT_CONVERSION = YES;
				CLANG_WARN_DEPRECATED_OBJC_IMPLEMENTATIONS = YES;
				CLANG_WARN_DIRECT_OBJC_ISA_USAGE = YES_ERROR;
				CLANG_WARN_DOCUMENTATION_COMMENTS = YES;
				CLANG_WARN_EMPTY_BODY = YES;
				CLANG_WARN_ENUM_CONVERSION = YES;
				CLANG_WARN_INFINITE_RECURSION = YES;
				CLANG_WARN_INT_CONVERSION = YES;
				CLANG_WARN_NON_LITERAL_NULL_CONVERSION = YES;
				CLANG_WARN_OBJC_IMPLICIT_RETAIN_SELF = YES;
				CLANG_WARN_OBJC_LITERAL_CONVERSION = YES;
				CLANG_WARN_OBJC_ROOT_CLASS = YES_ERROR;
				CLANG_WARN_QUOTED_INCLUDE_IN_FRAMEWORK_HEADER = YES;
				CLANG_WARN_RANGE_LOOP_ANALYSIS = YES;
				CLANG_WARN_STRICT_PROTOTYPES = YES;
				CLANG_WARN_SUSPICIOUS_MOVE = YES;
				CLANG_WARN_UNGUARDED_AVAILABILITY = YES_AGGRESSIVE;
				CLANG_WARN_UNREACHABLE_CODE = YES;
				CLANG_WARN__DUPLICATE_METHOD_MATCH = YES;
				COPY_PHASE_STRIP = NO;
				DEBUG_INFORMATION_FORMAT = "dwarf-with-dsym";
				ENABLE_NS_ASSERTIONS = NO;
				ENABLE_STRICT_OBJC_MSGSEND = YES;
				GCC_C_LANGUAGE_STANDARD = gnu11;
				GCC_NO_COMMON_BLOCKS = YES;
				GCC_WARN_64_TO_32_BIT_CONVERSION = YES;
				GCC_WARN_ABOUT_RETURN_TYPE = YES_ERROR;
				GCC_WARN_UNDECLARED_SELECTOR = YES;
				GCC_WARN_UNINITIALIZED_AUTOS = YES_AGGRESSIVE;
				GCC_WARN_UNUSED_FUNCTION = YES;
				GCC_WARN_UNUSED_VARIABLE = YES;
				IPHONEOS_DEPLOYMENT_TARGET = 14.0;
				MTL_ENABLE_DEBUG_INFO = NO;
				MTL_FAST_MATH = YES;
				SDKROOT = iphoneos;
				SWIFT_COMPILATION_MODE = wholemodule;
				SWIFT_OPTIMIZATION_LEVEL = "-O";
				VALIDATE_PRODUCT = YES;
			};
			name = Release;
		};
		6F19A715252EFD9700AC75D2 /* Debug */ = {
			isa = XCBuildConfiguration;
			buildSettings = {
				ASSETCATALOG_COMPILER_APPICON_NAME = AppIcon;
				ASSETCATALOG_COMPILER_GLOBAL_ACCENT_COLOR_NAME = AccentColor;
				CODE_SIGN_STYLE = Automatic;
				DEVELOPMENT_ASSET_PATHS = "\"SwiftUIShareSheet/Preview Content\"";
				DEVELOPMENT_TEAM = SGAHDZJZ9E;
				ENABLE_PREVIEWS = YES;
				INFOPLIST_FILE = SwiftUIShareSheet/Info.plist;
				IPHONEOS_DEPLOYMENT_TARGET = 14.0;
				LD_RUNPATH_SEARCH_PATHS = (
					"$(inherited)",
					"@executable_path/Frameworks",
				);
				PRODUCT_BUNDLE_IDENTIFIER = roemer.design.SwiftUIShareSheet;
				PRODUCT_NAME = "$(TARGET_NAME)";
				SWIFT_VERSION = 5.0;
				TARGETED_DEVICE_FAMILY = "1,2";
			};
			name = Debug;
		};
		6F19A716252EFD9700AC75D2 /* Release */ = {
			isa = XCBuildConfiguration;
			buildSettings = {
				ASSETCATALOG_COMPILER_APPICON_NAME = AppIcon;
				ASSETCATALOG_COMPILER_GLOBAL_ACCENT_COLOR_NAME = AccentColor;
				CODE_SIGN_STYLE = Automatic;
				DEVELOPMENT_ASSET_PATHS = "\"SwiftUIShareSheet/Preview Content\"";
				DEVELOPMENT_TEAM = SGAHDZJZ9E;
				ENABLE_PREVIEWS = YES;
				INFOPLIST_FILE = SwiftUIShareSheet/Info.plist;
				IPHONEOS_DEPLOYMENT_TARGET = 14.0;
				LD_RUNPATH_SEARCH_PATHS = (
					"$(inherited)",
					"@executable_path/Frameworks",
				);
				PRODUCT_BUNDLE_IDENTIFIER = roemer.design.SwiftUIShareSheet;
				PRODUCT_NAME = "$(TARGET_NAME)";
				SWIFT_VERSION = 5.0;
				TARGETED_DEVICE_FAMILY = "1,2";
			};
			name = Release;
		};
		6F19A718252EFD9700AC75D2 /* Debug */ = {
			isa = XCBuildConfiguration;
			buildSettings = {
				ALWAYS_EMBED_SWIFT_STANDARD_LIBRARIES = YES;
				BUNDLE_LOADER = "$(TEST_HOST)";
				CODE_SIGN_STYLE = Automatic;
				DEVELOPMENT_TEAM = SGAHDZJZ9E;
				INFOPLIST_FILE = SwiftUIShareSheetTests/Info.plist;
				IPHONEOS_DEPLOYMENT_TARGET = 14.0;
				LD_RUNPATH_SEARCH_PATHS = (
					"$(inherited)",
					"@executable_path/Frameworks",
					"@loader_path/Frameworks",
				);
				PRODUCT_BUNDLE_IDENTIFIER = roemer.design.SwiftUIShareSheetTests;
				PRODUCT_NAME = "$(TARGET_NAME)";
				SWIFT_VERSION = 5.0;
				TARGETED_DEVICE_FAMILY = "1,2";
				TEST_HOST = "$(BUILT_PRODUCTS_DIR)/SwiftUIShareSheet.app/SwiftUIShareSheet";
			};
			name = Debug;
		};
		6F19A719252EFD9700AC75D2 /* Release */ = {
			isa = XCBuildConfiguration;
			buildSettings = {
				ALWAYS_EMBED_SWIFT_STANDARD_LIBRARIES = YES;
				BUNDLE_LOADER = "$(TEST_HOST)";
				CODE_SIGN_STYLE = Automatic;
				DEVELOPMENT_TEAM = SGAHDZJZ9E;
				INFOPLIST_FILE = SwiftUIShareSheetTests/Info.plist;
				IPHONEOS_DEPLOYMENT_TARGET = 14.0;
				LD_RUNPATH_SEARCH_PATHS = (
					"$(inherited)",
					"@executable_path/Frameworks",
					"@loader_path/Frameworks",
				);
				PRODUCT_BUNDLE_IDENTIFIER = roemer.design.SwiftUIShareSheetTests;
				PRODUCT_NAME = "$(TARGET_NAME)";
				SWIFT_VERSION = 5.0;
				TARGETED_DEVICE_FAMILY = "1,2";
				TEST_HOST = "$(BUILT_PRODUCTS_DIR)/SwiftUIShareSheet.app/SwiftUIShareSheet";
			};
			name = Release;
		};
		6F19A71B252EFD9700AC75D2 /* Debug */ = {
			isa = XCBuildConfiguration;
			buildSettings = {
				ALWAYS_EMBED_SWIFT_STANDARD_LIBRARIES = YES;
				CODE_SIGN_STYLE = Automatic;
				DEVELOPMENT_TEAM = SGAHDZJZ9E;
				INFOPLIST_FILE = SwiftUIShareSheetUITests/Info.plist;
				LD_RUNPATH_SEARCH_PATHS = (
					"$(inherited)",
					"@executable_path/Frameworks",
					"@loader_path/Frameworks",
				);
				PRODUCT_BUNDLE_IDENTIFIER = roemer.design.SwiftUIShareSheetUITests;
				PRODUCT_NAME = "$(TARGET_NAME)";
				SWIFT_VERSION = 5.0;
				TARGETED_DEVICE_FAMILY = "1,2";
				TEST_TARGET_NAME = SwiftUIShareSheet;
			};
			name = Debug;
		};
		6F19A71C252EFD9700AC75D2 /* Release */ = {
			isa = XCBuildConfiguration;
			buildSettings = {
				ALWAYS_EMBED_SWIFT_STANDARD_LIBRARIES = YES;
				CODE_SIGN_STYLE = Automatic;
				DEVELOPMENT_TEAM = SGAHDZJZ9E;
				INFOPLIST_FILE = SwiftUIShareSheetUITests/Info.plist;
				LD_RUNPATH_SEARCH_PATHS = (
					"$(inherited)",
					"@executable_path/Frameworks",
					"@loader_path/Frameworks",
				);
				PRODUCT_BUNDLE_IDENTIFIER = roemer.design.SwiftUIShareSheetUITests;
				PRODUCT_NAME = "$(TARGET_NAME)";
				SWIFT_VERSION = 5.0;
				TARGETED_DEVICE_FAMILY = "1,2";
				TEST_TARGET_NAME = SwiftUIShareSheet;
			};
			name = Release;
		};
/* End XCBuildConfiguration section */

/* Begin XCConfigurationList section */
		6F19A6EA252EFD9400AC75D2 /* Build configuration list for PBXProject "SwiftUIShareSheet" */ = {
			isa = XCConfigurationList;
			buildConfigurations = (
				6F19A712252EFD9700AC75D2 /* Debug */,
				6F19A713252EFD9700AC75D2 /* Release */,
			);
			defaultConfigurationIsVisible = 0;
			defaultConfigurationName = Release;
		};
		6F19A714252EFD9700AC75D2 /* Build configuration list for PBXNativeTarget "SwiftUIShareSheet" */ = {
			isa = XCConfigurationList;
			buildConfigurations = (
				6F19A715252EFD9700AC75D2 /* Debug */,
				6F19A716252EFD9700AC75D2 /* Release */,
			);
			defaultConfigurationIsVisible = 0;
			defaultConfigurationName = Release;
		};
		6F19A717252EFD9700AC75D2 /* Build configuration list for PBXNativeTarget "SwiftUIShareSheetTests" */ = {
			isa = XCConfigurationList;
			buildConfigurations = (
				6F19A718252EFD9700AC75D2 /* Debug */,
				6F19A719252EFD9700AC75D2 /* Release */,
			);
			defaultConfigurationIsVisible = 0;
			defaultConfigurationName = Release;
		};
		6F19A71A252EFD9700AC75D2 /* Build configuration list for PBXNativeTarget "SwiftUIShareSheetUITests" */ = {
			isa = XCConfigurationList;
			buildConfigurations = (
				6F19A71B252EFD9700AC75D2 /* Debug */,
				6F19A71C252EFD9700AC75D2 /* Release */,
			);
			defaultConfigurationIsVisible = 0;
			defaultConfigurationName = Release;
		};
/* End XCConfigurationList section */
	};
	rootObject = 6F19A6E7252EFD9400AC75D2 /* Project object */;
}
